PODS:
  - Capacitor (6.2.0):
    - CapacitorCordova
  - CapacitorCordova (6.2.0)
  - CapacitorPluginSafeArea (3.0.4):
    - Capacitor

DEPENDENCIES:
  - "Capacitor (from `../../node_modules/@capacitor/ios`)"
  - "CapacitorCordova (from `../../node_modules/@capacitor/ios`)"
  - CapacitorPluginSafeArea (from `../../node_modules/capacitor-plugin-safe-area`)

EXTERNAL SOURCES:
  Capacitor:
    :path: "../../node_modules/@capacitor/ios"
  CapacitorCordova:
    :path: "../../node_modules/@capacitor/ios"
  CapacitorPluginSafeArea:
    :path: "../../node_modules/capacitor-plugin-safe-area"

SPEC CHECKSUMS:
  Capacitor: 05d35014f4425b0740fc8776481f6a369ad071bf
  CapacitorCordova: b33e7f4aa4ed105dd43283acdd940964374a87d9
  CapacitorPluginSafeArea: f096bc36693251a7e55fc3571487dd337c0ddb6a

PODFILE CHECKSUM: 589be250bfd03cb58f8a8079c5f90a5b133e28e9

COCOAPODS: 1.16.2
